
Microsoft Visual Studio Solution File, Format Version 12.00
# Visual Studio Version 17
VisualStudioVersion = 17.0.31903.59
MinimumVisualStudioVersion = 10.0.40219.1
Project("{FAE04EC0-301F-11D3-BF4B-00C04F79EFBC}") = "WrapperPoc", "src\WrapperPoc.csproj", "{E0CA4E82-9EEA-4222-93DE-D346B598BB2A}"
EndProject
Project("{2150E333-8FDC-42A3-9474-1A3956D46DE8}") = "tests", "tests", "{AADD8DE7-3A88-43EB-B75D-F2C9964E23BD}"
EndProject
Project("{FAE04EC0-301F-11D3-BF4B-00C04F79EFBC}") = "WrapperPoc.Tests", "tests\WrapperPoc.Tests\WrapperPoc.Tests.csproj", "{0003422B-C01B-4929-933E-7F7F2E83588E}"
EndProject
Global
	GlobalSection(SolutionConfigurationPlatforms) = preSolution
		Debug|Any CPU = Debug|Any CPU
		Release|Any CPU = Release|Any CPU
	EndGlobalSection
	GlobalSection(SolutionProperties) = preSolution
		HideSolutionNode = FALSE
	EndGlobalSection
	GlobalSection(ProjectConfigurationPlatforms) = postSolution
		{E0CA4E82-9EEA-4222-93DE-D346B598BB2A}.Debug|Any CPU.ActiveCfg = Debug|Any CPU
		{E0CA4E82-9EEA-4222-93DE-D346B598BB2A}.Debug|Any CPU.Build.0 = Debug|Any CPU
		{E0CA4E82-9EEA-4222-93DE-D346B598BB2A}.Release|Any CPU.ActiveCfg = Release|Any CPU
		{E0CA4E82-9EEA-4222-93DE-D346B598BB2A}.Release|Any CPU.Build.0 = Release|Any CPU
		{0003422B-C01B-4929-933E-7F7F2E83588E}.Debug|Any CPU.ActiveCfg = Debug|Any CPU
		{0003422B-C01B-4929-933E-7F7F2E83588E}.Debug|Any CPU.Build.0 = Debug|Any CPU
		{0003422B-C01B-4929-933E-7F7F2E83588E}.Release|Any CPU.ActiveCfg = Release|Any CPU
		{0003422B-C01B-4929-933E-7F7F2E83588E}.Release|Any CPU.Build.0 = Release|Any CPU
	EndGlobalSection
	GlobalSection(NestedProjects) = preSolution
		{0003422B-C01B-4929-933E-7F7F2E83588E} = {AADD8DE7-3A88-43EB-B75D-F2C9964E23BD}
	EndGlobalSection
EndGlobal
